// !$*UTF8*$!
{
	archiveVersion = 1;
	classes = {
	};
	objectVersion = 50;
	objects = {

/* Begin PBXBuildFile section */
		CE6F99B620EE2BF600DB34F5 /* AppDelegate.swift in Sources */ = {isa = PBXBuildFile; fileRef = CE6F99B520EE2BF600DB34F5 /* AppDelegate.swift */; };
		CE6F99B820EE2BF600DB34F5 /* ViewController.swift in Sources */ = {isa = PBXBuildFile; fileRef = CE6F99B720EE2BF600DB34F5 /* ViewController.swift */; };
		CE6F99BB20EE2BF600DB34F5 /* Main.storyboard in Resources */ = {isa = PBXBuildFile; fileRef = CE6F99B920EE2BF600DB34F5 /* Main.storyboard */; };
		CE6F99BD20EE2BFA00DB34F5 /* Assets.xcassets in Resources */ = {isa = PBXBuildFile; fileRef = CE6F99BC20EE2BFA00DB34F5 /* Assets.xcassets */; };
		CE6F99C020EE2BFA00DB34F5 /* LaunchScreen.storyboard in Resources */ = {isa = PBXBuildFile; fileRef = CE6F99BE20EE2BFA00DB34F5 /* LaunchScreen.storyboard */; };
		CE6F99CB20EE2BFA00DB34F5 /* InappPurchaseTests.swift in Sources */ = {isa = PBXBuildFile; fileRef = CE6F99CA20EE2BFA00DB34F5 /* InappPurchaseTests.swift */; };
		CE6F99D620EE2BFA00DB34F5 /* InappPurchaseUITests.swift in Sources */ = {isa = PBXBuildFile; fileRef = CE6F99D520EE2BFA00DB34F5 /* InappPurchaseUITests.swift */; };
		CE6F99E720EE2D6C00DB34F5 /* IAPReceiptValidation.swift in Sources */ = {isa = PBXBuildFile; fileRef = CE6F99E420EE2D6B00DB34F5 /* IAPReceiptValidation.swift */; };
		CE6F99E820EE2D6C00DB34F5 /* IAPHelper.swift in Sources */ = {isa = PBXBuildFile; fileRef = CE6F99E520EE2D6B00DB34F5 /* IAPHelper.swift */; };
		CE6F99E920EE2D6C00DB34F5 /* IAPSubscription.swift in Sources */ = {isa = PBXBuildFile; fileRef = CE6F99E620EE2D6B00DB34F5 /* IAPSubscription.swift */; };
		CE6F99EF20EE2F1200DB34F5 /* InappProductView.swift in Sources */ = {isa = PBXBuildFile; fileRef = CE6F99EB20EE2F1200DB34F5 /* InappProductView.swift */; };
		CE6F99F020EE2F1200DB34F5 /* InappProductView.xib in Resources */ = {isa = PBXBuildFile; fileRef = CE6F99EC20EE2F1200DB34F5 /* InappProductView.xib */; };
		CE6F99F120EE2F1200DB34F5 /* InappTableViewCell.swift in Sources */ = {isa = PBXBuildFile; fileRef = CE6F99ED20EE2F1200DB34F5 /* InappTableViewCell.swift */; };
		CE6F99F220EE2F1200DB34F5 /* InappTableViewCell.xib in Resources */ = {isa = PBXBuildFile; fileRef = CE6F99EE20EE2F1200DB34F5 /* InappTableViewCell.xib */; };
/* End PBXBuildFile section */

/* Begin PBXContainerItemProxy section */
		CE6F99C720EE2BFA00DB34F5 /* PBXContainerItemProxy */ = {
			isa = PBXContainerItemProxy;
			containerPortal = CE6F99AA20EE2BF600DB34F5 /* Project object */;
			proxyType = 1;
			remoteGlobalIDString = CE6F99B120EE2BF600DB34F5;
			remoteInfo = InappPurchase;
		};
		CE6F99D220EE2BFA00DB34F5 /* PBXContainerItemProxy */ = {
			isa = PBXContainerItemProxy;
			containerPortal = CE6F99AA20EE2BF600DB34F5 /* Project object */;
			proxyType = 1;
			remoteGlobalIDString = CE6F99B120EE2BF600DB34F5;
			remoteInfo = InappPurchase;
		};
/* End PBXContainerItemProxy section */

/* Begin PBXFileReference section */
		CE6F99B220EE2BF600DB34F5 /* InappPurchase.app */ = {isa = PBXFileReference; explicitFileType = wrapper.application; includeInIndex = 0; path = InappPurchase.app; sourceTree = BUILT_PRODUCTS_DIR; };
		CE6F99B520EE2BF600DB34F5 /* AppDelegate.swift */ = {isa = PBXFileReference; lastKnownFileType = sourcecode.swift; path = AppDelegate.swift; sourceTree = "<group>"; };
		CE6F99B720EE2BF600DB34F5 /* ViewController.swift */ = {isa = PBXFileReference; lastKnownFileType = sourcecode.swift; path = ViewController.swift; sourceTree = "<group>"; };
		CE6F99BA20EE2BF600DB34F5 /* Base */ = {isa = PBXFileReference; lastKnownFileType = file.storyboard; name = Base; path = Base.lproj/Main.storyboard; sourceTree = "<group>"; };
		CE6F99BC20EE2BFA00DB34F5 /* Assets.xcassets */ = {isa = PBXFileReference; lastKnownFileType = folder.assetcatalog; path = Assets.xcassets; sourceTree = "<group>"; };
		CE6F99BF20EE2BFA00DB34F5 /* Base */ = {isa = PBXFileReference; lastKnownFileType = file.storyboard; name = Base; path = Base.lproj/LaunchScreen.storyboard; sourceTree = "<group>"; };
		CE6F99C120EE2BFA00DB34F5 /* Info.plist */ = {isa = PBXFileReference; lastKnownFileType = text.plist.xml; path = Info.plist; sourceTree = "<group>"; };
		CE6F99C620EE2BFA00DB34F5 /* InappPurchaseTests.xctest */ = {isa = PBXFileReference; explicitFileType = wrapper.cfbundle; includeInIndex = 0; path = InappPurchaseTests.xctest; sourceTree = BUILT_PRODUCTS_DIR; };
		CE6F99CA20EE2BFA00DB34F5 /* InappPurchaseTests.swift */ = {isa = PBXFileReference; lastKnownFileType = sourcecode.swift; path = InappPurchaseTests.swift; sourceTree = "<group>"; };
		CE6F99CC20EE2BFA00DB34F5 /* Info.plist */ = {isa = PBXFileReference; lastKnownFileType = text.plist.xml; path = Info.plist; sourceTree = "<group>"; };
		CE6F99D120EE2BFA00DB34F5 /* InappPurchaseUITests.xctest */ = {isa = PBXFileReference; explicitFileType = wrapper.cfbundle; includeInIndex = 0; path = InappPurchaseUITests.xctest; sourceTree = BUILT_PRODUCTS_DIR; };
		CE6F99D520EE2BFA00DB34F5 /* InappPurchaseUITests.swift */ = {isa = PBXFileReference; lastKnownFileType = sourcecode.swift; path = InappPurchaseUITests.swift; sourceTree = "<group>"; };
		CE6F99D720EE2BFA00DB34F5 /* Info.plist */ = {isa = PBXFileReference; lastKnownFileType = text.plist.xml; path = Info.plist; sourceTree = "<group>"; };
		CE6F99E420EE2D6B00DB34F5 /* IAPReceiptValidation.swift */ = {isa = PBXFileReference; fileEncoding = 4; lastKnownFileType = sourcecode.swift; path = IAPReceiptValidation.swift; sourceTree = "<group>"; };
		CE6F99E520EE2D6B00DB34F5 /* IAPHelper.swift */ = {isa = PBXFileReference; fileEncoding = 4; lastKnownFileType = sourcecode.swift; path = IAPHelper.swift; sourceTree = "<group>"; };
		CE6F99E620EE2D6B00DB34F5 /* IAPSubscription.swift */ = {isa = PBXFileReference; fileEncoding = 4; lastKnownFileType = sourcecode.swift; path = IAPSubscription.swift; sourceTree = "<group>"; };
		CE6F99EB20EE2F1200DB34F5 /* InappProductView.swift */ = {isa = PBXFileReference; fileEncoding = 4; lastKnownFileType = sourcecode.swift; path = InappProductView.swift; sourceTree = "<group>"; };
		CE6F99EC20EE2F1200DB34F5 /* InappProductView.xib */ = {isa = PBXFileReference; fileEncoding = 4; lastKnownFileType = file.xib; path = InappProductView.xib; sourceTree = "<group>"; };
		CE6F99ED20EE2F1200DB34F5 /* InappTableViewCell.swift */ = {isa = PBXFileReference; fileEncoding = 4; lastKnownFileType = sourcecode.swift; path = InappTableViewCell.swift; sourceTree = "<group>"; };
		CE6F99EE20EE2F1200DB34F5 /* InappTableViewCell.xib */ = {isa = PBXFileReference; fileEncoding = 4; lastKnownFileType = file.xib; path = InappTableViewCell.xib; sourceTree = "<group>"; };
/* End PBXFileReference section */

/* Begin PBXFrameworksBuildPhase section */
		CE6F99AF20EE2BF600DB34F5 /* Frameworks */ = {
			isa = PBXFrameworksBuildPhase;
			buildActionMask = 2147483647;
			files = (
			);
			runOnlyForDeploymentPostprocessing = 0;
		};
		CE6F99C320EE2BFA00DB34F5 /* Frameworks */ = {
			isa = PBXFrameworksBuildPhase;
			buildActionMask = 2147483647;
			files = (
			);
			runOnlyForDeploymentPostprocessing = 0;
		};
		CE6F99CE20EE2BFA00DB34F5 /* Frameworks */ = {
			isa = PBXFrameworksBuildPhase;
			buildActionMask = 2147483647;
			files = (
			);
			runOnlyForDeploymentPostprocessing = 0;
		};
/* End PBXFrameworksBuildPhase section */

/* Begin PBXGroup section */
		CE6F99A920EE2BF600DB34F5 = {
			isa = PBXGroup;
			children = (
				CE6F99B420EE2BF600DB34F5 /* InappPurchase */,
				CE6F99C920EE2BFA00DB34F5 /* InappPurchaseTests */,
				CE6F99D420EE2BFA00DB34F5 /* InappPurchaseUITests */,
				CE6F99B320EE2BF600DB34F5 /* Products */,
			);
			sourceTree = "<group>";
		};
		CE6F99B320EE2BF600DB34F5 /* Products */ = {
			isa = PBXGroup;
			children = (
				CE6F99B220EE2BF600DB34F5 /* InappPurchase.app */,
				CE6F99C620EE2BFA00DB34F5 /* InappPurchaseTests.xctest */,
				CE6F99D120EE2BFA00DB34F5 /* InappPurchaseUITests.xctest */,
			);
			name = Products;
			sourceTree = "<group>";
		};
		CE6F99B420EE2BF600DB34F5 /* InappPurchase */ = {
			isa = PBXGroup;
			children = (
				CE6F99E320EE2D1A00DB34F5 /* Inapp Helper */,
				CE6F99B520EE2BF600DB34F5 /* AppDelegate.swift */,
				CE6F99B720EE2BF600DB34F5 /* ViewController.swift */,
				CE6F99B920EE2BF600DB34F5 /* Main.storyboard */,
				CE6F99BC20EE2BFA00DB34F5 /* Assets.xcassets */,
				CE6F99BE20EE2BFA00DB34F5 /* LaunchScreen.storyboard */,
				CE6F99C120EE2BFA00DB34F5 /* Info.plist */,
			);
			path = InappPurchase;
			sourceTree = "<group>";
		};
		CE6F99C920EE2BFA00DB34F5 /* InappPurchaseTests */ = {
			isa = PBXGroup;
			children = (
				CE6F99CA20EE2BFA00DB34F5 /* InappPurchaseTests.swift */,
				CE6F99CC20EE2BFA00DB34F5 /* Info.plist */,
			);
			path = InappPurchaseTests;
			sourceTree = "<group>";
		};
		CE6F99D420EE2BFA00DB34F5 /* InappPurchaseUITests */ = {
			isa = PBXGroup;
			children = (
				CE6F99D520EE2BFA00DB34F5 /* InappPurchaseUITests.swift */,
				CE6F99D720EE2BFA00DB34F5 /* Info.plist */,
			);
			path = InappPurchaseUITests;
			sourceTree = "<group>";
		};
		CE6F99E320EE2D1A00DB34F5 /* Inapp Helper */ = {
			isa = PBXGroup;
			children = (
				CE6F99E520EE2D6B00DB34F5 /* IAPHelper.swift */,
				CE6F99E420EE2D6B00DB34F5 /* IAPReceiptValidation.swift */,
				CE6F99E620EE2D6B00DB34F5 /* IAPSubscription.swift */,
				CE6F99EA20EE2E9F00DB34F5 /* Inapp  Product List View */,
			);
			path = "Inapp Helper";
			sourceTree = "<group>";
		};
		CE6F99EA20EE2E9F00DB34F5 /* Inapp  Product List View */ = {
			isa = PBXGroup;
			children = (
				CE6F99EB20EE2F1200DB34F5 /* InappProductView.swift */,
				CE6F99EC20EE2F1200DB34F5 /* InappProductView.xib */,
				CE6F99ED20EE2F1200DB34F5 /* InappTableViewCell.swift */,
				CE6F99EE20EE2F1200DB34F5 /* InappTableViewCell.xib */,
			);
			path = "Inapp  Product List View";
			sourceTree = "<group>";
		};
/* End PBXGroup section */

/* Begin PBXNativeTarget section */
		CE6F99B120EE2BF600DB34F5 /* InappPurchase */ = {
			isa = PBXNativeTarget;
			buildConfigurationList = CE6F99DA20EE2BFA00DB34F5 /* Build configuration list for PBXNativeTarget "InappPurchase" */;
			buildPhases = (
				CE6F99AE20EE2BF600DB34F5 /* Sources */,
				CE6F99AF20EE2BF600DB34F5 /* Frameworks */,
				CE6F99B020EE2BF600DB34F5 /* Resources */,
			);
			buildRules = (
			);
			dependencies = (
			);
			name = InappPurchase;
			productName = InappPurchase;
			productReference = CE6F99B220EE2BF600DB34F5 /* InappPurchase.app */;
			productType = "com.apple.product-type.application";
		};
		CE6F99C520EE2BFA00DB34F5 /* InappPurchaseTests */ = {
			isa = PBXNativeTarget;
			buildConfigurationList = CE6F99DD20EE2BFA00DB34F5 /* Build configuration list for PBXNativeTarget "InappPurchaseTests" */;
			buildPhases = (
				CE6F99C220EE2BFA00DB34F5 /* Sources */,
				CE6F99C320EE2BFA00DB34F5 /* Frameworks */,
				CE6F99C420EE2BFA00DB34F5 /* Resources */,
			);
			buildRules = (
			);
			dependencies = (
				CE6F99C820EE2BFA00DB34F5 /* PBXTargetDependency */,
			);
			name = InappPurchaseTests;
			productName = InappPurchaseTests;
			productReference = CE6F99C620EE2BFA00DB34F5 /* InappPurchaseTests.xctest */;
			productType = "com.apple.product-type.bundle.unit-test";
		};
		CE6F99D020EE2BFA00DB34F5 /* InappPurchaseUITests */ = {
			isa = PBXNativeTarget;
			buildConfigurationList = CE6F99E020EE2BFA00DB34F5 /* Build configuration list for PBXNativeTarget "InappPurchaseUITests" */;
			buildPhases = (
				CE6F99CD20EE2BFA00DB34F5 /* Sources */,
				CE6F99CE20EE2BFA00DB34F5 /* Frameworks */,
				CE6F99CF20EE2BFA00DB34F5 /* Resources */,
			);
			buildRules = (
			);
			dependencies = (
				CE6F99D320EE2BFA00DB34F5 /* PBXTargetDependency */,
			);
			name = InappPurchaseUITests;
			productName = InappPurchaseUITests;
			productReference = CE6F99D120EE2BFA00DB34F5 /* InappPurchaseUITests.xctest */;
			productType = "com.apple.product-type.bundle.ui-testing";
		};
/* End PBXNativeTarget section */

/* Begin PBXProject section */
		CE6F99AA20EE2BF600DB34F5 /* Project object */ = {
			isa = PBXProject;
			attributes = {
				LastSwiftUpdateCheck = 0930;
				LastUpgradeCheck = 0930;
				ORGANIZATIONNAME = Own;
				TargetAttributes = {
					CE6F99B120EE2BF600DB34F5 = {
						CreatedOnToolsVersion = 9.3;
					};
					CE6F99C520EE2BFA00DB34F5 = {
						CreatedOnToolsVersion = 9.3;
						TestTargetID = CE6F99B120EE2BF600DB34F5;
					};
					CE6F99D020EE2BFA00DB34F5 = {
						CreatedOnToolsVersion = 9.3;
						TestTargetID = CE6F99B120EE2BF600DB34F5;
					};
				};
			};
			buildConfigurationList = CE6F99AD20EE2BF600DB34F5 /* Build configuration list for PBXProject "InappPurchase" */;
			compatibilityVersion = "Xcode 9.3";
			developmentRegion = en;
			hasScannedForEncodings = 0;
			knownRegions = (
				en,
				Base,
			);
			mainGroup = CE6F99A920EE2BF600DB34F5;
			productRefGroup = CE6F99B320EE2BF600DB34F5 /* Products */;
			projectDirPath = "";
			projectRoot = "";
			targets = (
				CE6F99B120EE2BF600DB34F5 /* InappPurchase */,
				CE6F99C520EE2BFA00DB34F5 /* InappPurchaseTests */,
				CE6F99D020EE2BFA00DB34F5 /* InappPurchaseUITests */,
			);
		};
/* End PBXProject section */

/* Begin PBXResourcesBuildPhase section */
		CE6F99B020EE2BF600DB34F5 /* Resources */ = {
			isa = PBXResourcesBuildPhase;
			buildActionMask = 2147483647;
			files = (
				CE6F99F220EE2F1200DB34F5 /* InappTableViewCell.xib in Resources */,
				CE6F99C020EE2BFA00DB34F5 /* LaunchScreen.storyboard in Resources */,
				CE6F99F020EE2F1200DB34F5 /* InappProductView.xib in Resources */,
				CE6F99BD20EE2BFA00DB34F5 /* Assets.xcassets in Resources */,
				CE6F99BB20EE2BF600DB34F5 /* Main.storyboard in Resources */,
			);
			runOnlyForDeploymentPostprocessing = 0;
		};
		CE6F99C420EE2BFA00DB34F5 /* Resources */ = {
			isa = PBXResourcesBuildPhase;
			buildActionMask = 2147483647;
			files = (
			);
			runOnlyForDeploymentPostprocessing = 0;
		};
		CE6F99CF20EE2BFA00DB34F5 /* Resources */ = {
			isa = PBXResourcesBuildPhase;
			buildActionMask = 2147483647;
			files = (
			);
			runOnlyForDeploymentPostprocessing = 0;
		};
/* End PBXResourcesBuildPhase section */

/* Begin PBXSourcesBuildPhase section */
		CE6F99AE20EE2BF600DB34F5 /* Sources */ = {
			isa = PBXSourcesBuildPhase;
			buildActionMask = 2147483647;
			files = (
				CE6F99E920EE2D6C00DB34F5 /* IAPSubscription.swift in Sources */,
				CE6F99E820EE2D6C00DB34F5 /* IAPHelper.swift in Sources */,
				CE6F99B820EE2BF600DB34F5 /* ViewController.swift in Sources */,
				CE6F99E720EE2D6C00DB34F5 /* IAPReceiptValidation.swift in Sources */,
				CE6F99F120EE2F1200DB34F5 /* InappTableViewCell.swift in Sources */,
				CE6F99B620EE2BF600DB34F5 /* AppDelegate.swift in Sources */,
				CE6F99EF20EE2F1200DB34F5 /* InappProductView.swift in Sources */,
			);
			runOnlyForDeploymentPostprocessing = 0;
		};
		CE6F99C220EE2BFA00DB34F5 /* Sources */ = {
			isa = PBXSourcesBuildPhase;
			buildActionMask = 2147483647;
			files = (
				CE6F99CB20EE2BFA00DB34F5 /* InappPurchaseTests.swift in Sources */,
			);
			runOnlyForDeploymentPostprocessing = 0;
		};
		CE6F99CD20EE2BFA00DB34F5 /* Sources */ = {
			isa = PBXSourcesBuildPhase;
			buildActionMask = 2147483647;
			files = (
				CE6F99D620EE2BFA00DB34F5 /* InappPurchaseUITests.swift in Sources */,
			);
			runOnlyForDeploymentPostprocessing = 0;
		};
/* End PBXSourcesBuildPhase section */

/* Begin PBXTargetDependency section */
		CE6F99C820EE2BFA00DB34F5 /* PBXTargetDependency */ = {
			isa = PBXTargetDependency;
			target = CE6F99B120EE2BF600DB34F5 /* InappPurchase */;
			targetProxy = CE6F99C720EE2BFA00DB34F5 /* PBXContainerItemProxy */;
		};
		CE6F99D320EE2BFA00DB34F5 /* PBXTargetDependency */ = {
			isa = PBXTargetDependency;
			target = CE6F99B120EE2BF600DB34F5 /* InappPurchase */;
			targetProxy = CE6F99D220EE2BFA00DB34F5 /* PBXContainerItemProxy */;
		};
/* End PBXTargetDependency section */

/* Begin PBXVariantGroup section */
		CE6F99B920EE2BF600DB34F5 /* Main.storyboard */ = {
			isa = PBXVariantGroup;
			children = (
				CE6F99BA20EE2BF600DB34F5 /* Base */,
			);
			name = Main.storyboard;
			sourceTree = "<group>";
		};
		CE6F99BE20EE2BFA00DB34F5 /* LaunchScreen.storyboard */ = {
			isa = PBXVariantGroup;
			children = (
				CE6F99BF20EE2BFA00DB34F5 /* Base */,
			);
			name = LaunchScreen.storyboard;
			sourceTree = "<group>";
		};
/* End PBXVariantGroup section */

/* Begin XCBuildConfiguration section */
		CE6F99D820EE2BFA00DB34F5 /* Debug */ = {
			isa = XCBuildConfiguration;
			buildSettings = {
				ALWAYS_SEARCH_USER_PATHS = NO;
				CLANG_ANALYZER_NONNULL = YES;
				CLANG_ANALYZER_NUMBER_OBJECT_CONVERSION = YES_AGGRESSIVE;
				CLANG_CXX_LANGUAGE_STANDARD = "gnu++14";
				CLANG_CXX_LIBRARY = "libc++";
				CLANG_ENABLE_MODULES = YES;
				CLANG_ENABLE_OBJC_ARC = YES;
				CLANG_ENABLE_OBJC_WEAK = YES;
				CLANG_WARN_BLOCK_CAPTURE_AUTORELEASING = YES;
				CLANG_WARN_BOOL_CONVERSION = YES;
				CLANG_WARN_COMMA = YES;
				CLANG_WARN_CONSTANT_CONVERSION = YES;
				CLANG_WARN_DEPRECATED_OBJC_IMPLEMENTATIONS = YES;
				CLANG_WARN_DIRECT_OBJC_ISA_USAGE = YES_ERROR;
				CLANG_WARN_DOCUMENTATION_COMMENTS = YES;
				CLANG_WARN_EMPTY_BODY = YES;
				CLANG_WARN_ENUM_CONVERSION = YES;
				CLANG_WARN_INFINITE_RECURSION = YES;
				CLANG_WARN_INT_CONVERSION = YES;
				CLANG_WARN_NON_LITERAL_NULL_CONVERSION = YES;
				CLANG_WARN_OBJC_IMPLICIT_RETAIN_SELF = YES;
				CLANG_WARN_OBJC_LITERAL_CONVERSION = YES;
				CLANG_WARN_OBJC_ROOT_CLASS = YES_ERROR;
				CLANG_WARN_RANGE_LOOP_ANALYSIS = YES;
				CLANG_WARN_STRICT_PROTOTYPES = YES;
				CLANG_WARN_SUSPICIOUS_MOVE = YES;
				CLANG_WARN_UNGUARDED_AVAILABILITY = YES_AGGRESSIVE;
				CLANG_WARN_UNREACHABLE_CODE = YES;
				CLANG_WARN__DUPLICATE_METHOD_MATCH = YES;
				CODE_SIGN_IDENTITY = "iPhone Developer";
				COPY_PHASE_STRIP = NO;
				DEBUG_INFORMATION_FORMAT = dwarf;
				ENABLE_STRICT_OBJC_MSGSEND = YES;
				ENABLE_TESTABILITY = YES;
				GCC_C_LANGUAGE_STANDARD = gnu11;
				GCC_DYNAMIC_NO_PIC = NO;
				GCC_NO_COMMON_BLOCKS = YES;
				GCC_OPTIMIZATION_LEVEL = 0;
				GCC_PREPROCESSOR_DEFINITIONS = (
					"DEBUG=1",
					"$(inherited)",
				);
				GCC_WARN_64_TO_32_BIT_CONVERSION = YES;
				GCC_WARN_ABOUT_RETURN_TYPE = YES_ERROR;
				GCC_WARN_UNDECLARED_SELECTOR = YES;
				GCC_WARN_UNINITIALIZED_AUTOS = YES_AGGRESSIVE;
				GCC_WARN_UNUSED_FUNCTION = YES;
				GCC_WARN_UNUSED_VARIABLE = YES;
				IPHONEOS_DEPLOYMENT_TARGET = 11.3;
				MTL_ENABLE_DEBUG_INFO = YES;
				ONLY_ACTIVE_ARCH = YES;
				SDKROOT = iphoneos;
				SWIFT_ACTIVE_COMPILATION_CONDITIONS = DEBUG;
				SWIFT_OPTIMIZATION_LEVEL = "-Onone";
			};
			name = Debug;
		};
		CE6F99D920EE2BFA00DB34F5 /* Release */ = {
			isa = XCBuildConfiguration;
			buildSettings = {
				ALWAYS_SEARCH_USER_PATHS = NO;
				CLANG_ANALYZER_NONNULL = YES;
				CLANG_ANALYZER_NUMBER_OBJECT_CONVERSION = YES_AGGRESSIVE;
				CLANG_CXX_LANGUAGE_STANDARD = "gnu++14";
				CLANG_CXX_LIBRARY = "libc++";
				CLANG_ENABLE_MODULES = YES;
				CLANG_ENABLE_OBJC_ARC = YES;
				CLANG_ENABLE_OBJC_WEAK = YES;
				CLANG_WARN_BLOCK_CAPTURE_AUTORELEASING = YES;
				CLANG_WARN_BOOL_CONVERSION = YES;
				CLANG_WARN_COMMA = YES;
				CLANG_WARN_CONSTANT_CONVERSION = YES;
				CLANG_WARN_DEPRECATED_OBJC_IMPLEMENTATIONS = YES;
				CLANG_WARN_DIRECT_OBJC_ISA_USAGE = YES_ERROR;
				CLANG_WARN_DOCUMENTATION_COMMENTS = YES;
				CLANG_WARN_EMPTY_BODY = YES;
				CLANG_WARN_ENUM_CONVERSION = YES;
				CLANG_WARN_INFINITE_RECURSION = YES;
				CLANG_WARN_INT_CONVERSION = YES;
				CLANG_WARN_NON_LITERAL_NULL_CONVERSION = YES;
				CLANG_WARN_OBJC_IMPLICIT_RETAIN_SELF = YES;
				CLANG_WARN_OBJC_LITERAL_CONVERSION = YES;
				CLANG_WARN_OBJC_ROOT_CLASS = YES_ERROR;
				CLANG_WARN_RANGE_LOOP_ANALYSIS = YES;
				CLANG_WARN_STRICT_PROTOTYPES = YES;
				CLANG_WARN_SUSPICIOUS_MOVE = YES;
				CLANG_WARN_UNGUARDED_AVAILABILITY = YES_AGGRESSIVE;
				CLANG_WARN_UNREACHABLE_CODE = YES;
				CLANG_WARN__DUPLICATE_METHOD_MATCH = YES;
				CODE_SIGN_IDENTITY = "iPhone Developer";
				COPY_PHASE_STRIP = NO;
				DEBUG_INFORMATION_FORMAT = "dwarf-with-dsym";
				ENABLE_NS_ASSERTIONS = NO;
				ENABLE_STRICT_OBJC_MSGSEND = YES;
				GCC_C_LANGUAGE_STANDARD = gnu11;
				GCC_NO_COMMON_BLOCKS = YES;
				GCC_WARN_64_TO_32_BIT_CONVERSION = YES;
				GCC_WARN_ABOUT_RETURN_TYPE = YES_ERROR;
				GCC_WARN_UNDECLARED_SELECTOR = YES;
				GCC_WARN_UNINITIALIZED_AUTOS = YES_AGGRESSIVE;
				GCC_WARN_UNUSED_FUNCTION = YES;
				GCC_WARN_UNUSED_VARIABLE = YES;
				IPHONEOS_DEPLOYMENT_TARGET = 11.3;
				MTL_ENABLE_DEBUG_INFO = NO;
				SDKROOT = iphoneos;
				SWIFT_COMPILATION_MODE = wholemodule;
				SWIFT_OPTIMIZATION_LEVEL = "-O";
				VALIDATE_PRODUCT = YES;
			};
			name = Release;
		};
		CE6F99DB20EE2BFA00DB34F5 /* Debug */ = {
			isa = XCBuildConfiguration;
			buildSettings = {
				ASSETCATALOG_COMPILER_APPICON_NAME = AppIcon;
				CODE_SIGN_STYLE = Automatic;
				INFOPLIST_FILE = InappPurchase/Info.plist;
				LD_RUNPATH_SEARCH_PATHS = (
					"$(inherited)",
					"@executable_path/Frameworks",
				);
				PRODUCT_BUNDLE_IDENTIFIER = Purushottam.InappPurchase;
				PRODUCT_NAME = "$(TARGET_NAME)";
				SWIFT_VERSION = 4.0;
				TARGETED_DEVICE_FAMILY = "1,2";
			};
			name = Debug;
		};
		CE6F99DC20EE2BFA00DB34F5 /* Release */ = {
			isa = XCBuildConfiguration;
			buildSettings = {
				ASSETCATALOG_COMPILER_APPICON_NAME = AppIcon;
				CODE_SIGN_STYLE = Automatic;
				INFOPLIST_FILE = InappPurchase/Info.plist;
				LD_RUNPATH_SEARCH_PATHS = (
					"$(inherited)",
					"@executable_path/Frameworks",
				);
				PRODUCT_BUNDLE_IDENTIFIER = Purushottam.InappPurchase;
				PRODUCT_NAME = "$(TARGET_NAME)";
				SWIFT_VERSION = 4.0;
				TARGETED_DEVICE_FAMILY = "1,2";
			};
			name = Release;
		};
		CE6F99DE20EE2BFA00DB34F5 /* Debug */ = {
			isa = XCBuildConfiguration;
			buildSettings = {
				ALWAYS_EMBED_SWIFT_STANDARD_LIBRARIES = YES;
				BUNDLE_LOADER = "$(TEST_HOST)";
				CODE_SIGN_STYLE = Automatic;
				INFOPLIST_FILE = InappPurchaseTests/Info.plist;
				LD_RUNPATH_SEARCH_PATHS = (
					"$(inherited)",
					"@executable_path/Frameworks",
					"@loader_path/Frameworks",
				);
				PRODUCT_BUNDLE_IDENTIFIER = Purushottam.InappPurchaseTests;
				PRODUCT_NAME = "$(TARGET_NAME)";
				SWIFT_VERSION = 4.0;
				TARGETED_DEVICE_FAMILY = "1,2";
				TEST_HOST = "$(BUILT_PRODUCTS_DIR)/InappPurchase.app/InappPurchase";
			};
			name = Debug;
		};
		CE6F99DF20EE2BFA00DB34F5 /* Release */ = {
			isa = XCBuildConfiguration;
			buildSettings = {
				ALWAYS_EMBED_SWIFT_STANDARD_LIBRARIES = YES;
				BUNDLE_LOADER = "$(TEST_HOST)";
				CODE_SIGN_STYLE = Automatic;
				INFOPLIST_FILE = InappPurchaseTests/Info.plist;
				LD_RUNPATH_SEARCH_PATHS = (
					"$(inherited)",
					"@executable_path/Frameworks",
					"@loader_path/Frameworks",
				);
				PRODUCT_BUNDLE_IDENTIFIER = Purushottam.InappPurchaseTests;
				PRODUCT_NAME = "$(TARGET_NAME)";
				SWIFT_VERSION = 4.0;
				TARGETED_DEVICE_FAMILY = "1,2";
				TEST_HOST = "$(BUILT_PRODUCTS_DIR)/InappPurchase.app/InappPurchase";
			};
			name = Release;
		};
		CE6F99E120EE2BFA00DB34F5 /* Debug */ = {
			isa = XCBuildConfiguration;
			buildSettings = {
				ALWAYS_EMBED_SWIFT_STANDARD_LIBRARIES = YES;
				CODE_SIGN_STYLE = Automatic;
				INFOPLIST_FILE = InappPurchaseUITests/Info.plist;
				LD_RUNPATH_SEARCH_PATHS = (
					"$(inherited)",
					"@executable_path/Frameworks",
					"@loader_path/Frameworks",
				);
				PRODUCT_BUNDLE_IDENTIFIER = Purushottam.InappPurchaseUITests;
				PRODUCT_NAME = "$(TARGET_NAME)";
				SWIFT_VERSION = 4.0;
				TARGETED_DEVICE_FAMILY = "1,2";
				TEST_TARGET_NAME = InappPurchase;
			};
			name = Debug;
		};
		CE6F99E220EE2BFA00DB34F5 /* Release */ = {
			isa = XCBuildConfiguration;
			buildSettings = {
				ALWAYS_EMBED_SWIFT_STANDARD_LIBRARIES = YES;
				CODE_SIGN_STYLE = Automatic;
				INFOPLIST_FILE = InappPurchaseUITests/Info.plist;
				LD_RUNPATH_SEARCH_PATHS = (
					"$(inherited)",
					"@executable_path/Frameworks",
					"@loader_path/Frameworks",
				);
				PRODUCT_BUNDLE_IDENTIFIER = Purushottam.InappPurchaseUITests;
				PRODUCT_NAME = "$(TARGET_NAME)";
				SWIFT_VERSION = 4.0;
				TARGETED_DEVICE_FAMILY = "1,2";
				TEST_TARGET_NAME = InappPurchase;
			};
			name = Release;
		};
/* End XCBuildConfiguration section */

/* Begin XCConfigurationList section */
		CE6F99AD20EE2BF600DB34F5 /* Build configuration list for PBXProject "InappPurchase" */ = {
			isa = XCConfigurationList;
			buildConfigurations = (
				CE6F99D820EE2BFA00DB34F5 /* Debug */,
				CE6F99D920EE2BFA00DB34F5 /* Release */,
			);
			defaultConfigurationIsVisible = 0;
			defaultConfigurationName = Release;
		};
		CE6F99DA20EE2BFA00DB34F5 /* Build configuration list for PBXNativeTarget "InappPurchase" */ = {
			isa = XCConfigurationList;
			buildConfigurations = (
				CE6F99DB20EE2BFA00DB34F5 /* Debug */,
				CE6F99DC20EE2BFA00DB34F5 /* Release */,
			);
			defaultConfigurationIsVisible = 0;
			defaultConfigurationName = Release;
		};
		CE6F99DD20EE2BFA00DB34F5 /* Build configuration list for PBXNativeTarget "InappPurchaseTests" */ = {
			isa = XCConfigurationList;
			buildConfigurations = (
				CE6F99DE20EE2BFA00DB34F5 /* Debug */,
				CE6F99DF20EE2BFA00DB34F5 /* Release */,
			);
			defaultConfigurationIsVisible = 0;
			defaultConfigurationName = Release;
		};
		CE6F99E020EE2BFA00DB34F5 /* Build configuration list for PBXNativeTarget "InappPurchaseUITests" */ = {
			isa = XCConfigurationList;
			buildConfigurations = (
				CE6F99E120EE2BFA00DB34F5 /* Debug */,
				CE6F99E220EE2BFA00DB34F5 /* Release */,
			);
			defaultConfigurationIsVisible = 0;
			defaultConfigurationName = Release;
		};
/* End XCConfigurationList section */
	};
	rootObject = CE6F99AA20EE2BF600DB34F5 /* Project object */;
}
